PODS:
  - xDefine (1.0.5)
  - xExtension (1.1.4):
    - xDefine
  - xKit (1.1.9):
    - xDefine
    - xExtension
  - xManager (1.0.7):
    - xDefine
    - xExtension
  - xQRCode (1.0.4):
    - xExtension
    - xKit
    - xManager

DEPENDENCIES:
  - xQRCode (from `../`)

SPEC REPOS:
  https://github.com/kaibuleite/xSpecs.git:
    - xDefine
    - xExtension
    - xKit
    - xManager

EXTERNAL SOURCES:
  xQRCode:
    :path: "../"

SPEC CHECKSUMS:
  xDefine: 4d633701f2ee5ed5112c4be111ff0c43d49fb85d
  xExtension: f932ec5d6498afe2dc4595adeda0514ee5658a6d
  xKit: 2a9af3e1c4679392f51c5faa3a4f521488762def
  xManager: 280bf6822725715001b54c6cfa4b9fd7acac3dcd
  xQRCode: 985f4da29383b715cb7c80512fbb51d867be29ca

PODFILE CHECKSUM: 49e1c4820942981e0e6cf81ae8d7218c5286e78c

COCOAPODS: 1.11.3
