PODS:
  - xDefine (1.0.7)
  - xExtension (1.1.8):
    - xDefine
  - xKit (1.2.10):
    - xDefine
    - xExtension
  - xManager (1.1.1):
    - xDefine
    - xExtension
  - xQRCode (1.0.6):
    - xExtension
    - xKit
    - xManager

DEPENDENCIES:
  - xQRCode (from `../`)

SPEC REPOS:
  https://github.com/kaibuleite/xSpecs.git:
    - xDefine
    - xExtension
    - xKit
    - xManager

EXTERNAL SOURCES:
  xQRCode:
    :path: "../"

SPEC CHECKSUMS:
  xDefine: e9216a8c29a4a5abce78630e311449182c79a7f3
  xExtension: 410b32f4a0377e4962082c7d1315b4b77454f7aa
  xKit: 8584f4ce6508e6defd0f853c73316b2ba2328e63
  xManager: 7dac445ed38273dc89524aee08f7f88e9f1986f2
  xQRCode: 7c3a884f1e02d859a6a8b4225dc827a612044646

PODFILE CHECKSUM: 0926b0a74e45b904f57f2641fdbc21002fa696ce

COCOAPODS: 1.15.2
